<?xml version="1.0" encoding="utf-8"?>
<Project ToolsVersion="4.0" xmlns="http://schemas.microsoft.com/developer/msbuild/2003">
  <ItemGroup>
    <Filter Include="WindowsGameFramework">
      <UniqueIdentifier>{0669e0c5-1aa8-409f-a80c-0d74ebf5afaa}</UniqueIdentifier>
    </Filter>
    <Filter Include="Assets">
      <UniqueIdentifier>{5cc02f95-1b5a-4ebe-b808-83fe2fd5edfa}</UniqueIdentifier>
    </Filter>
    <Filter Include="Assets\csv">
      <UniqueIdentifier>{99ac180f-7ca7-408d-b074-63524b73d68d}</UniqueIdentifier>
    </Filter>
    <Filter Include="Assets\csv\ApplicationData">
      <UniqueIdentifier>{50137ebf-e73a-476a-a608-76a7a597617e}</UniqueIdentifier>
    </Filter>
    <Filter Include="WindowsGameFramework\0_BaseSystem">
      <UniqueIdentifier>{a5b8b758-3232-42a5-b7ca-a724ee5906bc}</UniqueIdentifier>
    </Filter>
    <Filter Include="WindowsGameFramework\0_BaseSystem\Public">
      <UniqueIdentifier>{9367a52c-3893-4bf6-a1d0-27538beb7546}</UniqueIdentifier>
    </Filter>
    <Filter Include="WindowsGameFramework\0_BaseSystem\Public\0_Common">
      <UniqueIdentifier>{54c1b8ef-aba9-4adf-982d-720067090f7d}</UniqueIdentifier>
    </Filter>
    <Filter Include="WindowsGameFramework\0_BaseSystem\Public\5_Audio">
      <UniqueIdentifier>{87d3beeb-d183-407a-9d46-266daaaafc3c}</UniqueIdentifier>
    </Filter>
    <Filter Include="WindowsGameFramework\0_BaseSystem\Public\6_Timer">
      <UniqueIdentifier>{27093c13-4b05-4789-a184-2fc8466ad8f9}</UniqueIdentifier>
    </Filter>
    <Filter Include="WindowsGameFramework\0_BaseSystem\Public\7_Scene">
      <UniqueIdentifier>{d571fab8-699d-4836-afde-10d4339aba05}</UniqueIdentifier>
    </Filter>
    <Filter Include="WindowsGameFramework\0_BaseSystem\Public\1_WindowGameManager">
      <UniqueIdentifier>{0277add7-fa4e-4525-b094-d14a526d0cf1}</UniqueIdentifier>
    </Filter>
    <Filter Include="WindowsGameFramework\0_BaseSystem\Public\2_MainWindow">
      <UniqueIdentifier>{f959d3fc-d695-4e38-9883-ecdf567ac7ba}</UniqueIdentifier>
    </Filter>
    <Filter Include="WindowsGameFramework\0_BaseSystem\Public\3_Input">
      <UniqueIdentifier>{aa7c8a99-976a-48da-9af2-c0fed1a92d45}</UniqueIdentifier>
    </Filter>
    <Filter Include="WindowsGameFramework\0_BaseSystem\Public\4_Rendering">
      <UniqueIdentifier>{17f1ba79-a308-4b89-bbbd-5253782497fc}</UniqueIdentifier>
    </Filter>
    <Filter Include="WindowsGameFramework\0_BaseSystem\Private">
      <UniqueIdentifier>{e46ec53c-4ff2-4c57-b5bf-9c2d1c359f0f}</UniqueIdentifier>
    </Filter>
    <Filter Include="WindowsGameFramework\0_BaseSystem\Private\0_Common">
      <UniqueIdentifier>{07e6c1b7-53f4-47b3-ba30-c3c7defcbc17}</UniqueIdentifier>
    </Filter>
    <Filter Include="WindowsGameFramework\0_BaseSystem\Private\1_WindowsGameManager">
      <UniqueIdentifier>{f1d1417f-278a-4946-a519-36adb941c3b1}</UniqueIdentifier>
    </Filter>
    <Filter Include="WindowsGameFramework\0_BaseSystem\Private\2_MainWindow">
      <UniqueIdentifier>{2fb5b524-47e1-4716-a23c-181773deb2dd}</UniqueIdentifier>
    </Filter>
    <Filter Include="WindowsGameFramework\0_BaseSystem\Private\3_Input">
      <UniqueIdentifier>{6f08462c-f930-44d0-b539-2d88e9011756}</UniqueIdentifier>
    </Filter>
    <Filter Include="WindowsGameFramework\0_BaseSystem\Private\5_Audio">
      <UniqueIdentifier>{4a210ebd-7211-4715-b6f0-250a1151c0ab}</UniqueIdentifier>
    </Filter>
    <Filter Include="WindowsGameFramework\0_BaseSystem\Private\6_Timer">
      <UniqueIdentifier>{70da2c85-9e68-4339-803d-2e13289938db}</UniqueIdentifier>
    </Filter>
    <Filter Include="WindowsGameFramework\0_BaseSystem\Private\7_Scene">
      <UniqueIdentifier>{ec7c20fb-9ce5-4f3f-8297-97773d6acad7}</UniqueIdentifier>
    </Filter>
    <Filter Include="WindowsGameFramework\1_ObjectManager">
      <UniqueIdentifier>{7eef5efc-af13-4006-aa33-e16d6934b129}</UniqueIdentifier>
    </Filter>
    <Filter Include="WindowsGameFramework\2_GameObjectClasses">
      <UniqueIdentifier>{4966489e-dca0-4dce-b4bc-84220dcccd04}</UniqueIdentifier>
    </Filter>
    <Filter Include="WindowsGameFramework\2_GameObjectClasses\2D">
      <UniqueIdentifier>{3a3763d3-83c7-4859-837d-835d299738d6}</UniqueIdentifier>
    </Filter>
    <Filter Include="WindowsGameFramework\2_GameObjectClasses\3D">
      <UniqueIdentifier>{3dc6f407-091f-4755-92b2-9c20702cf5fa}</UniqueIdentifier>
    </Filter>
    <Filter Include="WindowsGameFramework\3_ComponentClasses">
      <UniqueIdentifier>{00fb18b2-ddb8-4245-a295-940433673ed5}</UniqueIdentifier>
    </Filter>
    <Filter Include="WindowsGameFramework\3_ComponentClasses\Transform">
      <UniqueIdentifier>{90536cd8-9f0b-4e62-9c6d-9f9dec1c5f85}</UniqueIdentifier>
    </Filter>
    <Filter Include="WindowsGameFramework\3_ComponentClasses\Collider">
      <UniqueIdentifier>{c2774889-3a92-4c9f-a903-b3f2f75d0267}</UniqueIdentifier>
    </Filter>
    <Filter Include="WindowsGameFramework\3_ComponentClasses\Renderer">
      <UniqueIdentifier>{71aec67b-7a02-4d39-bace-d6e77ec67090}</UniqueIdentifier>
    </Filter>
    <Filter Include="WindowsGameFramework\3_ComponentClasses\Collider\2D">
      <UniqueIdentifier>{26a67e5c-7d46-463e-bdda-287d8e348d3e}</UniqueIdentifier>
    </Filter>
    <Filter Include="WindowsGameFramework\3_ComponentClasses\Collider\3D">
      <UniqueIdentifier>{43a6e185-f883-46e3-9f57-709bda7ed85c}</UniqueIdentifier>
    </Filter>
    <Filter Include="WindowsGameFramework\3_ComponentClasses\Renderer\Sprite">
      <UniqueIdentifier>{1bbe1715-4ac0-4500-b5f1-fd7857080bcd}</UniqueIdentifier>
    </Filter>
    <Filter Include="WindowsGameFramework\9_Utilities">
      <UniqueIdentifier>{0dbc7df2-5174-4197-9e49-f4cbe8a70e23}</UniqueIdentifier>
    </Filter>
    <Filter Include="WindowsGameFramework\9_Utilities\Math">
      <UniqueIdentifier>{7bc8d5f2-6d7f-4d42-a4c9-cc2cea722cd8}</UniqueIdentifier>
    </Filter>
    <Filter Include="WindowsGameFramework\9_Utilities\Random">
      <UniqueIdentifier>{1ab040fd-436a-48d4-9b24-87aa2bd5be68}</UniqueIdentifier>
    </Filter>
    <Filter Include="WindowsGameFramework\0_BaseSystem\Private\8_Debug">
      <UniqueIdentifier>{2055a90b-d07d-43dd-b7e5-cbfaf2a09256}</UniqueIdentifier>
    </Filter>
    <Filter Include="WindowsGameFramework\0_BaseSystem\Private\4_RenderSystem">
      <UniqueIdentifier>{631c7683-7808-4ee6-ab58-4acc0415a93f}</UniqueIdentifier>
    </Filter>
    <Filter Include="WindowsGameFramework\0_BaseSystem\Private\4_RenderSystem\DX11Include">
      <UniqueIdentifier>{25f78ea4-9322-4870-bd76-9f42f0a9a4ec}</UniqueIdentifier>
    </Filter>
    <Filter Include="WindowsGameFramework\0_BaseSystem\Private\4_RenderSystem\Utilities">
      <UniqueIdentifier>{4fdc537c-7fae-4c5c-9320-7398da431d75}</UniqueIdentifier>
    </Filter>
    <Filter Include="WindowsGameFramework\0_BaseSystem\Private\4_RenderSystem\Utilities\NameObject">
      <UniqueIdentifier>{f45edaff-f6a6-4776-856d-99ca763d5ea4}</UniqueIdentifier>
    </Filter>
    <Filter Include="WindowsGameFramework\0_BaseSystem\Private\4_RenderSystem\SystemResource">
      <UniqueIdentifier>{f2784d62-b506-468f-935e-b5953e1f66d6}</UniqueIdentifier>
    </Filter>
    <Filter Include="WindowsGameFramework\0_BaseSystem\Private\4_RenderSystem\DX11Device">
      <UniqueIdentifier>{35b1380f-8a7d-4f6d-8863-7f31799a1b41}</UniqueIdentifier>
    </Filter>
    <Filter Include="WindowsGameFramework\0_BaseSystem\Private\4_RenderSystem\Utilities\File">
      <UniqueIdentifier>{4898f260-374e-484b-b2ad-69aea6032919}</UniqueIdentifier>
    </Filter>
    <Filter Include="WindowsGameFramework\0_BaseSystem\Private\4_RenderSystem\RenderingResource">
      <UniqueIdentifier>{337ec403-07e3-42c6-9d65-ec77ee5fba30}</UniqueIdentifier>
    </Filter>
    <Filter Include="WindowsGameFramework\0_BaseSystem\Private\4_RenderSystem\Utilities\XML">
      <UniqueIdentifier>{615fb007-1fdc-4120-89de-e98d8420a9e7}</UniqueIdentifier>
    </Filter>
    <Filter Include="WindowsGameFramework\0_BaseSystem\Private\4_RenderSystem\ShaderResource">
      <UniqueIdentifier>{4fae6c84-8cc9-40b3-8dce-7ad3a3f365be}</UniqueIdentifier>
    </Filter>
    <Filter Include="WindowsGameFramework\0_BaseSystem\Private\4_RenderSystem\ShaderResource\Texture">
      <UniqueIdentifier>{8d7b6fbb-ed73-48db-9128-08c715ef2eac}</UniqueIdentifier>
    </Filter>
    <Filter Include="WindowsGameFramework\0_BaseSystem\Private\4_RenderSystem\ShaderResource\Texture\RenderTarget">
      <UniqueIdentifier>{dcf3737f-3801-4095-a25c-d849f0d50271}</UniqueIdentifier>
    </Filter>
    <Filter Include="WindowsGameFramework\0_BaseSystem\Private\4_RenderSystem\Utilities\Interface">
      <UniqueIdentifier>{491e73bb-8071-4905-8ded-66de06a36c74}</UniqueIdentifier>
    </Filter>
    <Filter Include="WindowsGameFramework\0_BaseSystem\Private\4_RenderSystem\Utilities\ResourceDescription">
      <UniqueIdentifier>{2105e01d-ad13-436b-8967-a932ec799719}</UniqueIdentifier>
    </Filter>
    <Filter Include="WindowsGameFramework\0_BaseSystem\Private\4_RenderSystem\ShaderResource\Texture\DepthStencil">
      <UniqueIdentifier>{5a4739a3-5801-4e1d-831a-ccd05c1e280f}</UniqueIdentifier>
    </Filter>
    <Filter Include="WindowsGameFramework\0_BaseSystem\Private\4_RenderSystem\ResourceManager">
      <UniqueIdentifier>{181127cd-cb42-46f9-b794-254b2853f250}</UniqueIdentifier>
    </Filter>
    <Filter Include="WindowsGameFramework\0_BaseSystem\Private\4_RenderSystem\DirectXTex">
      <UniqueIdentifier>{2cd4cb8a-4ead-4984-a04b-d070fbd27163}</UniqueIdentifier>
    </Filter>
    <Filter Include="WindowsGameFramework\0_BaseSystem\Private\4_RenderSystem\Utilities\Binary">
      <UniqueIdentifier>{bc0c0f9e-1c09-4985-a0d4-59b0537c731d}</UniqueIdentifier>
    </Filter>
    <Filter Include="WindowsGameFramework\0_BaseSystem\Private\4_RenderSystem\Shader">
      <UniqueIdentifier>{59677fa5-6fc0-42e8-a45e-413668214c48}</UniqueIdentifier>
    </Filter>
    <Filter Include="WindowsGameFramework\0_BaseSystem\Private\4_RenderSystem\Effect">
      <UniqueIdentifier>{58c5e6fe-2623-4040-b22f-2d83f08c2d8a}</UniqueIdentifier>
    </Filter>
    <Filter Include="WindowsGameFramework\0_BaseSystem\Private\4_RenderSystem\State">
      <UniqueIdentifier>{1bc3a024-c24e-4320-b96d-132266a90972}</UniqueIdentifier>
    </Filter>
    <Filter Include="WindowsGameFramework\0_BaseSystem\Private\4_RenderSystem\ViewPort">
      <UniqueIdentifier>{3f3cfb78-04c6-4dbf-83b3-80864e0a0cee}</UniqueIdentifier>
    </Filter>
    <Filter Include="WindowsGameFramework\0_BaseSystem\Private\4_RenderSystem\Buffer">
      <UniqueIdentifier>{29088153-bffa-463d-9c55-745200c582b9}</UniqueIdentifier>
    </Filter>
    <Filter Include="WindowsGameFramework\0_BaseSystem\Private\4_RenderSystem\Buffer\CBuffer">
      <UniqueIdentifier>{ceb4a52e-ebd9-4c92-be8d-2f4ac61eae3e}</UniqueIdentifier>
    </Filter>
    <Filter Include="WindowsGameFramework\0_BaseSystem\Private\4_RenderSystem\DrawObject">
      <UniqueIdentifier>{94600952-b728-4570-b572-109cd98d8f7f}</UniqueIdentifier>
    </Filter>
    <Filter Include="WindowsGameFramework\9_Utilities\Math\Vector">
      <UniqueIdentifier>{4fd3f37e-34c9-4454-aca1-e42d28ac451f}</UniqueIdentifier>
    </Filter>
    <Filter Include="WindowsGameFramework\9_Utilities\Math\Matrix">
      <UniqueIdentifier>{87621e45-5049-4df3-acd5-fec8de3dc0ac}</UniqueIdentifier>
    </Filter>
    <Filter Include="WindowsGameFramework\9_Utilities\Math\Quaternion">
      <UniqueIdentifier>{db05492b-8401-4b33-8102-4f52e71922c4}</UniqueIdentifier>
    </Filter>
    <Filter Include="WindowsGameFramework\0_BaseSystem\Private\4_RenderSystem\Utilities\XML\tiny">
      <UniqueIdentifier>{3dfc8081-6609-4729-91e2-7d4810f006a0}</UniqueIdentifier>
    </Filter>
    <Filter Include="WindowsGameFramework\0_BaseSystem\Private\4_RenderSystem\DirectXTex\DirectXTexSrc">
      <UniqueIdentifier>{f69ff6ed-9424-4018-8779-05b894bcfe17}</UniqueIdentifier>
    </Filter>
    <Filter Include="WindowsGameFramework\2_GameObjectClasses\Camera">
      <UniqueIdentifier>{c50cacce-4bde-43cc-8e28-5fdc214ab3a8}</UniqueIdentifier>
    </Filter>
  </ItemGroup>
  <ItemGroup>
    <None Include="Assets\csv\ApplicationData\windowData.csv">
      <Filter>Assets\csv\ApplicationData</Filter>
    </None>
    <None Include="Framework\BaseSystem\Private\RenderSystem\DirectXTex\DirectXTex.inl">
      <Filter>WindowsGameFramework\0_BaseSystem\Private\4_RenderSystem\DirectXTex</Filter>
    </None>
    <None Include="Framework\BaseSystem\Private\RenderSystem\Shader\Shader.Inl">
      <Filter>WindowsGameFramework\0_BaseSystem\Private\4_RenderSystem\Shader</Filter>
    </None>
  </ItemGroup>
  <ItemGroup>
    <ClInclude Include="Framework\BaseSystem\Public\Common\Common.h">
      <Filter>WindowsGameFramework\0_BaseSystem\Public\0_Common</Filter>
    </ClInclude>
    <ClInclude Include="Framework\BaseSystem\Private\Common\DebugNew.h">
      <Filter>WindowsGameFramework\0_BaseSystem\Private\0_Common</Filter>
    </ClInclude>
    <ClInclude Include="Framework\BaseSystem\Private\Common\SafeFunction.h">
      <Filter>WindowsGameFramework\0_BaseSystem\Private\0_Common</Filter>
    </ClInclude>
    <ClInclude Include="Framework\BaseSystem\Private\Common\TCHARString.h">
      <Filter>WindowsGameFramework\0_BaseSystem\Private\0_Common</Filter>
    </ClInclude>
    <ClInclude Include="Framework\BaseSystem\Private\MainWindow\MainWindowSystem.h">
      <Filter>WindowsGameFramework\0_BaseSystem\Private\2_MainWindow</Filter>
    </ClInclude>
    <ClInclude Include="Framework\BaseSystem\Public\MainWindow\MainWindow.h">
      <Filter>WindowsGameFramework\0_BaseSystem\Public\2_MainWindow</Filter>
    </ClInclude>
    <ClInclude Include="Framework\BaseSystem\Private\MainWindow\MainWindowNS.h">
      <Filter>WindowsGameFramework\0_BaseSystem\Private\2_MainWindow</Filter>
    </ClInclude>
    <ClInclude Include="Framework\BaseSystem\Private\Input\KeyboardData.h">
      <Filter>WindowsGameFramework\0_BaseSystem\Private\3_Input</Filter>
    </ClInclude>
    <ClInclude Include="Framework\BaseSystem\Private\Input\XInputControllerData.h">
      <Filter>WindowsGameFramework\0_BaseSystem\Private\3_Input</Filter>
    </ClInclude>
    <ClInclude Include="Framework\BaseSystem\Private\Input\InputSystem.h">
      <Filter>WindowsGameFramework\0_BaseSystem\Private\3_Input</Filter>
    </ClInclude>
    <ClInclude Include="Framework\BaseSystem\Public\Input\Input.h">
      <Filter>WindowsGameFramework\0_BaseSystem\Public\3_Input</Filter>
    </ClInclude>
    <ClInclude Include="Framework\BaseSystem\Private\Input\InputSystemNS.h">
      <Filter>WindowsGameFramework\0_BaseSystem\Private\3_Input</Filter>
    </ClInclude>
    <ClInclude Include="Framework\BaseSystem\Private\Timer\TimerSystem.h">
      <Filter>WindowsGameFramework\0_BaseSystem\Private\6_Timer</Filter>
    </ClInclude>
    <ClInclude Include="Framework\BaseSystem\Private\Timer\TimerSystemNS.h">
      <Filter>WindowsGameFramework\0_BaseSystem\Private\6_Timer</Filter>
    </ClInclude>
    <ClInclude Include="Framework\BaseSystem\Public\Timer\Timer.h">
      <Filter>WindowsGameFramework\0_BaseSystem\Public\6_Timer</Filter>
    </ClInclude>
    <ClInclude Include="Framework\BaseSystem\Private\WindowsGameTemplate\WindowsGame.h">
      <Filter>WindowsGameFramework\0_BaseSystem\Private\1_WindowsGameManager</Filter>
    </ClInclude>
    <ClInclude Include="Framework\ComponentClasses\Transform\Transform.h">
      <Filter>WindowsGameFramework\3_ComponentClasses\Transform</Filter>
    </ClInclude>
    <ClInclude Include="Framework\ComponentClasses\Collider\Collider.h">
      <Filter>WindowsGameFramework\3_ComponentClasses\Collider</Filter>
    </ClInclude>
    <ClInclude Include="Framework\ComponentClasses\Renderer\Renderer.h">
      <Filter>WindowsGameFramework\3_ComponentClasses\Renderer</Filter>
    </ClInclude>
    <ClInclude Include="Framework\ComponentClasses\Component.h">
      <Filter>WindowsGameFramework\3_ComponentClasses</Filter>
    </ClInclude>
    <ClInclude Include="Framework\GameObjectClasses\GameObject.h">
      <Filter>WindowsGameFramework\2_GameObjectClasses</Filter>
    </ClInclude>
    <ClInclude Include="Framework\ObjectManager\ObjectManager.h">
      <Filter>WindowsGameFramework\1_ObjectManager</Filter>
    </ClInclude>
    <ClInclude Include="Framework\BaseSystem\Private\Scene\SceneManager.h">
      <Filter>WindowsGameFramework\0_BaseSystem\Private\7_Scene</Filter>
    </ClInclude>
    <ClInclude Include="Framework\BaseSystem\Public\Scene\BaseScene.h">
      <Filter>WindowsGameFramework\0_BaseSystem\Public\7_Scene</Filter>
    </ClInclude>
    <ClInclude Include="Framework\ComponentClasses\Collider\3D\BoxCollider.h">
      <Filter>WindowsGameFramework\3_ComponentClasses\Collider\3D</Filter>
    </ClInclude>
    <ClInclude Include="Framework\ComponentClasses\Collider\3D\SphereCollider.h">
      <Filter>WindowsGameFramework\3_ComponentClasses\Collider\3D</Filter>
    </ClInclude>
    <ClInclude Include="Framework\GameObjectClasses\2D\Sprite2D.h">
      <Filter>WindowsGameFramework\2_GameObjectClasses\2D</Filter>
    </ClInclude>
    <ClInclude Include="Framework\GameObjectClasses\2D\FadeSprite.h">
      <Filter>WindowsGameFramework\2_GameObjectClasses\2D</Filter>
    </ClInclude>
    <ClInclude Include="Framework\Utilities\Math\Math.h">
      <Filter>WindowsGameFramework\9_Utilities\Math</Filter>
    </ClInclude>
    <ClInclude Include="Framework\Utilities\Random\Random.h">
      <Filter>WindowsGameFramework\9_Utilities\Random</Filter>
    </ClInclude>
    <ClInclude Include="Framework\BaseSystem\Private\Scene\LoadScene.h">
      <Filter>WindowsGameFramework\0_BaseSystem\Private\7_Scene</Filter>
    </ClInclude>
    <ClInclude Include="Framework\BaseSystem\Private\DebugSystem\ConsoleWindow.h">
      <Filter>WindowsGameFramework\0_BaseSystem\Private\8_Debug</Filter>
    </ClInclude>
    <ClInclude Include="Framework\BaseSystem\Private\Common\Console.h">
      <Filter>WindowsGameFramework\0_BaseSystem\Private\0_Common</Filter>
    </ClInclude>
    <ClInclude Include="Framework\BaseSystem\Private\RenderSystem\DX11Include\DX11IncludeHeader.h">
      <Filter>WindowsGameFramework\0_BaseSystem\Private\4_RenderSystem\DX11Include</Filter>
    </ClInclude>
    <ClInclude Include="Framework\BaseSystem\Private\RenderSystem\DX11Device\DX11Device.h">
      <Filter>WindowsGameFramework\0_BaseSystem\Private\4_RenderSystem\DX11Device</Filter>
    </ClInclude>
    <ClInclude Include="Framework\BaseSystem\Private\RenderSystem\DX11Device\DeviceContext.h">
      <Filter>WindowsGameFramework\0_BaseSystem\Private\4_RenderSystem\DX11Device</Filter>
    </ClInclude>
    <ClInclude Include="Framework\BaseSystem\Private\RenderSystem\Utilities\NameObject\NameObject.h">
      <Filter>WindowsGameFramework\0_BaseSystem\Private\4_RenderSystem\Utilities\NameObject</Filter>
    </ClInclude>
    <ClInclude Include="Framework\BaseSystem\Private\RenderSystem\RenderSystem.h">
      <Filter>WindowsGameFramework\0_BaseSystem\Private\4_RenderSystem</Filter>
    </ClInclude>
    <ClInclude Include="Framework\BaseSystem\Private\RenderSystem\SystemResource\RenderFlow.h">
      <Filter>WindowsGameFramework\0_BaseSystem\Private\4_RenderSystem\SystemResource</Filter>
    </ClInclude>
    <ClInclude Include="Framework\BaseSystem\Private\RenderSystem\SystemResource\RenderPass.h">
      <Filter>WindowsGameFramework\0_BaseSystem\Private\4_RenderSystem\SystemResource</Filter>
    </ClInclude>
    <ClInclude Include="Framework\BaseSystem\Private\RenderSystem\SystemResource\DrawQueue.h">
      <Filter>WindowsGameFramework\0_BaseSystem\Private\4_RenderSystem\SystemResource</Filter>
    </ClInclude>
    <ClInclude Include="Framework\BaseSystem\Private\RenderSystem\SystemResource\ClearPass.h">
      <Filter>WindowsGameFramework\0_BaseSystem\Private\4_RenderSystem\SystemResource</Filter>
    </ClInclude>
    <ClInclude Include="Framework\BaseSystem\Private\RenderSystem\Utilities\XML\Xml.h">
      <Filter>WindowsGameFramework\0_BaseSystem\Private\4_RenderSystem\Utilities\XML</Filter>
    </ClInclude>
    <ClInclude Include="Framework\BaseSystem\Private\RenderSystem\ShaderResource\ShaderResouce.h">
      <Filter>WindowsGameFramework\0_BaseSystem\Private\4_RenderSystem\ShaderResource</Filter>
    </ClInclude>
    <ClInclude Include="Framework\BaseSystem\Private\RenderSystem\ShaderResource\Texture\Texture.h">
      <Filter>WindowsGameFramework\0_BaseSystem\Private\4_RenderSystem\ShaderResource\Texture</Filter>
    </ClInclude>
    <ClInclude Include="Framework\BaseSystem\Private\RenderSystem\ShaderResource\Texture\RenderTarget\RenderTarget.h">
      <Filter>WindowsGameFramework\0_BaseSystem\Private\4_RenderSystem\ShaderResource\Texture\RenderTarget</Filter>
    </ClInclude>
    <ClInclude Include="Framework\BaseSystem\Private\RenderSystem\Utilities\Interface\IStaticNameObjectList.h">
      <Filter>WindowsGameFramework\0_BaseSystem\Private\4_RenderSystem\Utilities\Interface</Filter>
    </ClInclude>
    <ClInclude Include="Framework\BaseSystem\Private\RenderSystem\Utilities\File\File.h">
      <Filter>WindowsGameFramework\0_BaseSystem\Private\4_RenderSystem\Utilities\File</Filter>
    </ClInclude>
    <ClInclude Include="..\..\..\Desktop\Dx11FrameWork ver4 C++\MSFrameWorkver4\MSFrameWorkver4\FrameWork\Gfx\ResouceDesc\ResourceDesc.h">
      <Filter>WindowsGameFramework\0_BaseSystem\Private\4_RenderSystem\Utilities\ResourceDescription</Filter>
    </ClInclude>
    <ClInclude Include="Framework\BaseSystem\Private\RenderSystem\ShaderResource\Texture\DepthStencil\DepthStencil.h">
      <Filter>WindowsGameFramework\0_BaseSystem\Private\4_RenderSystem\ShaderResource\Texture\DepthStencil</Filter>
    </ClInclude>
    <ClInclude Include="Framework\BaseSystem\Private\RenderSystem\DirectXTex\DirectXTex.h">
      <Filter>WindowsGameFramework\0_BaseSystem\Private\4_RenderSystem\DirectXTex</Filter>
    </ClInclude>
    <ClInclude Include="Framework\BaseSystem\Private\RenderSystem\DirectXTex\DXTex.h">
      <Filter>WindowsGameFramework\0_BaseSystem\Private\4_RenderSystem\DirectXTex</Filter>
    </ClInclude>
    <ClInclude Include="Framework\BaseSystem\Private\RenderSystem\Utilities\BinaryUT\Binary.h">
      <Filter>WindowsGameFramework\0_BaseSystem\Private\4_RenderSystem\Utilities\Binary</Filter>
    </ClInclude>
    <ClInclude Include="Framework\BaseSystem\Private\RenderSystem\Shader\Shader.h">
      <Filter>WindowsGameFramework\0_BaseSystem\Private\4_RenderSystem\Shader</Filter>
    </ClInclude>
    <ClInclude Include="Framework\BaseSystem\Private\RenderSystem\Shader\ShaderUtility.h">
      <Filter>WindowsGameFramework\0_BaseSystem\Private\4_RenderSystem\Shader</Filter>
    </ClInclude>
    <ClInclude Include="Framework\BaseSystem\Private\RenderSystem\ResourceManager\ResourceManager.h">
      <Filter>WindowsGameFramework\0_BaseSystem\Private\4_RenderSystem\ResourceManager</Filter>
    </ClInclude>
    <ClInclude Include="Framework\BaseSystem\Private\RenderSystem\Effect\Effect.h">
      <Filter>WindowsGameFramework\0_BaseSystem\Private\4_RenderSystem\Effect</Filter>
    </ClInclude>
    <ClInclude Include="Framework\BaseSystem\Private\RenderSystem\State\DepthStencilState.h">
      <Filter>WindowsGameFramework\0_BaseSystem\Private\4_RenderSystem\State</Filter>
    </ClInclude>
    <ClInclude Include="Framework\BaseSystem\Private\RenderSystem\State\RasterizerState.h">
      <Filter>WindowsGameFramework\0_BaseSystem\Private\4_RenderSystem\State</Filter>
    </ClInclude>
    <ClInclude Include="Framework\BaseSystem\Private\RenderSystem\State\SamplerState.h">
      <Filter>WindowsGameFramework\0_BaseSystem\Private\4_RenderSystem\State</Filter>
    </ClInclude>
    <ClInclude Include="Framework\BaseSystem\Private\RenderSystem\ViewPort\ViewPort.h">
      <Filter>WindowsGameFramework\0_BaseSystem\Private\4_RenderSystem\ViewPort</Filter>
    </ClInclude>
    <ClInclude Include="Framework\BaseSystem\Private\RenderSystem\Buffer\Buffer.h">
      <Filter>WindowsGameFramework\0_BaseSystem\Private\4_RenderSystem\Buffer</Filter>
    </ClInclude>
    <ClInclude Include="Framework\BaseSystem\Private\RenderSystem\Buffer\VertexBuffer.h">
      <Filter>WindowsGameFramework\0_BaseSystem\Private\4_RenderSystem\Buffer</Filter>
    </ClInclude>
    <ClInclude Include="Framework\BaseSystem\Private\RenderSystem\Buffer\IndexBuffer.h">
      <Filter>WindowsGameFramework\0_BaseSystem\Private\4_RenderSystem\Buffer</Filter>
    </ClInclude>
    <ClInclude Include="Framework\BaseSystem\Private\RenderSystem\Buffer\CBuffer\CBuffer.h">
      <Filter>WindowsGameFramework\0_BaseSystem\Private\4_RenderSystem\Buffer\CBuffer</Filter>
    </ClInclude>
    <ClInclude Include="Framework\BaseSystem\Private\RenderSystem\DrawObject\DrawObject.h">
      <Filter>WindowsGameFramework\0_BaseSystem\Private\4_RenderSystem\DrawObject</Filter>
    </ClInclude>
    <ClInclude Include="Framework\Utilities\Math\Vector\Vector.h">
      <Filter>WindowsGameFramework\9_Utilities\Math\Vector</Filter>
    </ClInclude>
    <ClInclude Include="Framework\Utilities\Math\Matrix\Matrix.h">
      <Filter>WindowsGameFramework\9_Utilities\Math\Matrix</Filter>
    </ClInclude>
    <ClInclude Include="Framework\Utilities\Math\Quaternion\Quaternion.h">
      <Filter>WindowsGameFramework\9_Utilities\Math\Quaternion</Filter>
    </ClInclude>
    <ClInclude Include="Framework\BaseSystem\Private\RenderSystem\Utilities\XML\tiny\tinyxml2.h">
      <Filter>WindowsGameFramework\0_BaseSystem\Private\4_RenderSystem\Utilities\XML\tiny</Filter>
    </ClInclude>
    <ClInclude Include="Framework\GameObjectClasses\Camera\Camera.h">
      <Filter>WindowsGameFramework\2_GameObjectClasses\Camera</Filter>
    </ClInclude>
  </ItemGroup>
  <ItemGroup>
    <ClCompile Include="Framework\BaseSystem\Private\MainWindow\MainWindowSystem.cpp">
      <Filter>WindowsGameFramework\0_BaseSystem\Private\2_MainWindow</Filter>
    </ClCompile>
    <ClCompile Include="Framework\BaseSystem\Public\MainWindow\MainWindow.cpp">
      <Filter>WindowsGameFramework\0_BaseSystem\Public\2_MainWindow</Filter>
    </ClCompile>
    <ClCompile Include="Framework\BaseSystem\Private\Input\InputSystem.cpp">
      <Filter>WindowsGameFramework\0_BaseSystem\Private\3_Input</Filter>
    </ClCompile>
    <ClCompile Include="Framework\BaseSystem\Public\Input\Input.cpp">
      <Filter>WindowsGameFramework\0_BaseSystem\Public\3_Input</Filter>
    </ClCompile>
    <ClCompile Include="Framework\BaseSystem\Private\Timer\TimerSystem.cpp">
      <Filter>WindowsGameFramework\0_BaseSystem\Private\6_Timer</Filter>
    </ClCompile>
    <ClCompile Include="Framework\BaseSystem\Public\Timer\Timer.cpp">
      <Filter>WindowsGameFramework\0_BaseSystem\Public\6_Timer</Filter>
    </ClCompile>
    <ClCompile Include="Framework\BaseSystem\Private\WindowsGameTemplate\WindowsGame.cpp">
      <Filter>WindowsGameFramework\0_BaseSystem\Private\1_WindowsGameManager</Filter>
    </ClCompile>
    <ClCompile Include="Framework\BaseSystem\Private\WindowsGameTemplate\WinMain.cpp">
      <Filter>WindowsGameFramework\0_BaseSystem\Private\1_WindowsGameManager</Filter>
    </ClCompile>
    <ClCompile Include="Framework\ComponentClasses\Collider\Collider.cpp">
      <Filter>WindowsGameFramework\3_ComponentClasses\Collider</Filter>
    </ClCompile>
    <ClCompile Include="Framework\ComponentClasses\Renderer\Renderer.cpp">
      <Filter>WindowsGameFramework\3_ComponentClasses\Renderer</Filter>
    </ClCompile>
    <ClCompile Include="Framework\ComponentClasses\Component.cpp">
      <Filter>WindowsGameFramework\3_ComponentClasses</Filter>
    </ClCompile>
    <ClCompile Include="Framework\GameObjectClasses\GameObject.cpp">
      <Filter>WindowsGameFramework\2_GameObjectClasses</Filter>
    </ClCompile>
    <ClCompile Include="Framework\ComponentClasses\Transform\Transform.cpp">
      <Filter>WindowsGameFramework\3_ComponentClasses\Transform</Filter>
    </ClCompile>
    <ClCompile Include="Framework\ObjectManager\ObjectManager.cpp">
      <Filter>WindowsGameFramework\1_ObjectManager</Filter>
    </ClCompile>
    <ClCompile Include="Framework\BaseSystem\Private\Scene\SceneManager.cpp">
      <Filter>WindowsGameFramework\0_BaseSystem\Private\7_Scene</Filter>
    </ClCompile>
    <ClCompile Include="Framework\BaseSystem\Public\Scene\BaseScene.cpp">
      <Filter>WindowsGameFramework\0_BaseSystem\Public\7_Scene</Filter>
    </ClCompile>
    <ClCompile Include="Framework\ComponentClasses\Collider\3D\BoxCollider.cpp">
      <Filter>WindowsGameFramework\3_ComponentClasses\Collider\3D</Filter>
    </ClCompile>
    <ClCompile Include="Framework\ComponentClasses\Collider\3D\SphereCollider.cpp">
      <Filter>WindowsGameFramework\3_ComponentClasses\Collider\3D</Filter>
    </ClCompile>
    <ClCompile Include="Framework\GameObjectClasses\2D\Sprite2D.cpp">
      <Filter>WindowsGameFramework\2_GameObjectClasses\2D</Filter>
    </ClCompile>
    <ClCompile Include="Framework\GameObjectClasses\2D\FadeSprite.cpp">
      <Filter>WindowsGameFramework\2_GameObjectClasses\2D</Filter>
    </ClCompile>
    <ClCompile Include="Framework\Utilities\Random\Random.cpp">
      <Filter>WindowsGameFramework\9_Utilities\Random</Filter>
    </ClCompile>
    <ClCompile Include="Framework\BaseSystem\Private\Scene\LoadScene.cpp">
      <Filter>WindowsGameFramework\0_BaseSystem\Private\7_Scene</Filter>
    </ClCompile>
    <ClCompile Include="Framework\BaseSystem\Private\DebugSystem\ConsoleWindow.cpp">
      <Filter>WindowsGameFramework\0_BaseSystem\Private\8_Debug</Filter>
    </ClCompile>
    <ClCompile Include="Framework\BaseSystem\Private\RenderSystem\DX11Device\DX11Device.cpp">
      <Filter>WindowsGameFramework\0_BaseSystem\Private\4_RenderSystem\DX11Device</Filter>
    </ClCompile>
    <ClCompile Include="Framework\BaseSystem\Private\RenderSystem\DX11Device\DeviceContext.cpp">
      <Filter>WindowsGameFramework\0_BaseSystem\Private\4_RenderSystem\DX11Device</Filter>
    </ClCompile>
    <ClCompile Include="Framework\BaseSystem\Private\RenderSystem\Utilities\File\File.cpp">
      <Filter>WindowsGameFramework\0_BaseSystem\Private\4_RenderSystem\Utilities\File</Filter>
    </ClCompile>
    <ClCompile Include="Framework\BaseSystem\Private\RenderSystem\RenderSystem.cpp">
      <Filter>WindowsGameFramework\0_BaseSystem\Private\4_RenderSystem</Filter>
    </ClCompile>
    <ClCompile Include="Framework\BaseSystem\Private\RenderSystem\SystemResource\RenderFlow.cpp">
      <Filter>WindowsGameFramework\0_BaseSystem\Private\4_RenderSystem\SystemResource</Filter>
    </ClCompile>
    <ClCompile Include="Framework\BaseSystem\Private\RenderSystem\SystemResource\RenderPass.cpp">
      <Filter>WindowsGameFramework\0_BaseSystem\Private\4_RenderSystem\SystemResource</Filter>
    </ClCompile>
    <ClCompile Include="Framework\BaseSystem\Private\RenderSystem\SystemResource\DrawQueue.cpp">
      <Filter>WindowsGameFramework\0_BaseSystem\Private\4_RenderSystem\SystemResource</Filter>
    </ClCompile>
    <ClCompile Include="Framework\BaseSystem\Private\RenderSystem\SystemResource\ClearPass.cpp">
      <Filter>WindowsGameFramework\0_BaseSystem\Private\4_RenderSystem\SystemResource</Filter>
    </ClCompile>
    <ClCompile Include="Framework\BaseSystem\Private\RenderSystem\Utilities\XML\Xml.cpp">
      <Filter>WindowsGameFramework\0_BaseSystem\Private\4_RenderSystem\Utilities\XML</Filter>
    </ClCompile>
    <ClCompile Include="Framework\BaseSystem\Private\RenderSystem\ShaderResource\Texture\RenderTarget\RenderTarget.cpp">
      <Filter>WindowsGameFramework\0_BaseSystem\Private\4_RenderSystem\ShaderResource\Texture\RenderTarget</Filter>
    </ClCompile>
    <ClCompile Include="Framework\BaseSystem\Private\RenderSystem\ShaderResource\Texture\DepthStencil\DepthStencil.cpp">
      <Filter>WindowsGameFramework\0_BaseSystem\Private\4_RenderSystem\ShaderResource\Texture\DepthStencil</Filter>
    </ClCompile>
    <ClCompile Include="Framework\BaseSystem\Private\RenderSystem\DirectXTex\DXTex.cpp">
      <Filter>WindowsGameFramework\0_BaseSystem\Private\4_RenderSystem\DirectXTex</Filter>
    </ClCompile>
    <ClCompile Include="Framework\BaseSystem\Private\RenderSystem\Utilities\BinaryUT\Binary.cpp">
      <Filter>WindowsGameFramework\0_BaseSystem\Private\4_RenderSystem\Utilities\Binary</Filter>
    </ClCompile>
    <ClCompile Include="Framework\BaseSystem\Private\RenderSystem\Shader\Shader.cpp">
      <Filter>WindowsGameFramework\0_BaseSystem\Private\4_RenderSystem\Shader</Filter>
    </ClCompile>
    <ClCompile Include="Framework\BaseSystem\Private\RenderSystem\ResourceManager\ResourceManager.cpp">
      <Filter>WindowsGameFramework\0_BaseSystem\Private\4_RenderSystem\ResourceManager</Filter>
    </ClCompile>
    <ClCompile Include="Framework\BaseSystem\Private\RenderSystem\Effect\Effect.cpp">
      <Filter>WindowsGameFramework\0_BaseSystem\Private\4_RenderSystem\Effect</Filter>
    </ClCompile>
    <ClCompile Include="Framework\BaseSystem\Private\RenderSystem\State\DepthStencilState.cpp">
      <Filter>WindowsGameFramework\0_BaseSystem\Private\4_RenderSystem\State</Filter>
    </ClCompile>
    <ClCompile Include="Framework\BaseSystem\Private\RenderSystem\State\RasterizerState.cpp">
      <Filter>WindowsGameFramework\0_BaseSystem\Private\4_RenderSystem\State</Filter>
    </ClCompile>
    <ClCompile Include="Framework\BaseSystem\Private\RenderSystem\State\SamplerState.cpp">
      <Filter>WindowsGameFramework\0_BaseSystem\Private\4_RenderSystem\State</Filter>
    </ClCompile>
    <ClCompile Include="Framework\BaseSystem\Private\RenderSystem\ViewPort\ViewPort.cpp">
      <Filter>WindowsGameFramework\0_BaseSystem\Private\4_RenderSystem\ViewPort</Filter>
    </ClCompile>
    <ClCompile Include="Framework\BaseSystem\Private\RenderSystem\Buffer\Buffer.cpp">
      <Filter>WindowsGameFramework\0_BaseSystem\Private\4_RenderSystem\Buffer</Filter>
    </ClCompile>
    <ClCompile Include="Framework\BaseSystem\Private\RenderSystem\Buffer\VertexBuffer.cpp">
      <Filter>WindowsGameFramework\0_BaseSystem\Private\4_RenderSystem\Buffer</Filter>
    </ClCompile>
    <ClCompile Include="Framework\BaseSystem\Private\RenderSystem\Buffer\IndexBuffer.cpp">
      <Filter>WindowsGameFramework\0_BaseSystem\Private\4_RenderSystem\Buffer</Filter>
    </ClCompile>
    <ClCompile Include="Framework\BaseSystem\Private\RenderSystem\Buffer\CBuffer\CBuffer.cpp">
      <Filter>WindowsGameFramework\0_BaseSystem\Private\4_RenderSystem\Buffer\CBuffer</Filter>
    </ClCompile>
    <ClCompile Include="Framework\BaseSystem\Private\RenderSystem\DrawObject\DrawObject.cpp">
      <Filter>WindowsGameFramework\0_BaseSystem\Private\4_RenderSystem\DrawObject</Filter>
    </ClCompile>
    <ClCompile Include="Framework\Utilities\Math\Vector\Vector2.cpp">
      <Filter>WindowsGameFramework\9_Utilities\Math\Vector</Filter>
    </ClCompile>
    <ClCompile Include="Framework\Utilities\Math\Vector\Vector3.cpp">
      <Filter>WindowsGameFramework\9_Utilities\Math\Vector</Filter>
    </ClCompile>
    <ClCompile Include="Framework\Utilities\Math\Vector\Vector4.cpp">
      <Filter>WindowsGameFramework\9_Utilities\Math\Vector</Filter>
    </ClCompile>
    <ClCompile Include="Framework\Utilities\Math\Matrix\Matrix.cpp">
      <Filter>WindowsGameFramework\9_Utilities\Math\Matrix</Filter>
    </ClCompile>
    <ClCompile Include="Framework\Utilities\Math\Quaternion\Quaternion.cpp">
      <Filter>WindowsGameFramework\9_Utilities\Math\Quaternion</Filter>
    </ClCompile>
    <ClCompile Include="Framework\BaseSystem\Private\RenderSystem\Utilities\XML\tiny\tinyxml2.cpp">
      <Filter>WindowsGameFramework\0_BaseSystem\Private\4_RenderSystem\Utilities\XML\tiny</Filter>
    </ClCompile>
    <ClCompile Include="Framework\BaseSystem\Private\RenderSystem\DirectXTex\DirectXTex\DirectXTexWIC.cpp">
      <Filter>WindowsGameFramework\0_BaseSystem\Private\4_RenderSystem\DirectXTex\DirectXTexSrc</Filter>
    </ClCompile>
    <ClCompile Include="Framework\GameObjectClasses\Camera\Camera.cpp">
      <Filter>WindowsGameFramework\2_GameObjectClasses\Camera</Filter>
    </ClCompile>
  </ItemGroup>
</Project>